
Microsoft Visual Studio Solution File, Format Version 12.00
# Visual Studio Version 16
VisualStudioVersion = 16.0.30717.126
MinimumVisualStudioVersion = 10.0.40219.1
Project("{FAE04EC0-301F-11D3-BF4B-00C04F79EFBC}") = "WebAPI", "WebAPI\WebAPI.csproj", "{80F972FF-2E0E-459A-9030-B367FE9E0EBD}"
EndProject
Project("{FAE04EC0-301F-11D3-BF4B-00C04F79EFBC}") = "getapi", "getapi\getapi.csproj", "{6D7ADECC-A320-4062-BB88-DD051319DFB9}"
EndProject
Global
	GlobalSection(SolutionConfigurationPlatforms) = preSolution
		Debug|Any CPU = Debug|Any CPU
		Release|Any CPU = Release|Any CPU
	EndGlobalSection
	GlobalSection(ProjectConfigurationPlatforms) = postSolution
		{80F972FF-2E0E-459A-9030-B367FE9E0EBD}.Debug|Any CPU.ActiveCfg = Debug|Any CPU
		{80F972FF-2E0E-459A-9030-B367FE9E0EBD}.Debug|Any CPU.Build.0 = Debug|Any CPU
		{80F972FF-2E0E-459A-9030-B367FE9E0EBD}.Release|Any CPU.ActiveCfg = Release|Any CPU
		{80F972FF-2E0E-459A-9030-B367FE9E0EBD}.Release|Any CPU.Build.0 = Release|Any CPU
		{6D7ADECC-A320-4062-BB88-DD051319DFB9}.Debug|Any CPU.ActiveCfg = Debug|Any CPU
		{6D7ADECC-A320-4062-BB88-DD051319DFB9}.Debug|Any CPU.Build.0 = Debug|Any CPU
		{6D7ADECC-A320-4062-BB88-DD051319DFB9}.Release|Any CPU.ActiveCfg = Release|Any CPU
		{6D7ADECC-A320-4062-BB88-DD051319DFB9}.Release|Any CPU.Build.0 = Release|Any CPU
	EndGlobalSection
	GlobalSection(SolutionProperties) = preSolution
		HideSolutionNode = FALSE
	EndGlobalSection
	GlobalSection(ExtensibilityGlobals) = postSolution
		SolutionGuid = {7E8725C8-D373-4277-99B8-B1587F41C1C8}
	EndGlobalSection
EndGlobal
